
Microsoft Visual Studio Solution File, Format Version 12.00
# Visual Studio Version 16
VisualStudioVersion = 16.0.30406.217
MinimumVisualStudioVersion = 10.0.40219.1
Project("{FAE04EC0-301F-11D3-BF4B-00C04F79EFBC}") = "RoleBasedAuthentication", "RoleBasedAuthentication.csproj", "{FB733AE9-16CA-48D9-A9A8-B48FDA0202FB}"
EndProject
Project("{FAE04EC0-301F-11D3-BF4B-00C04F79EFBC}") = "DAL", "..\DAL\DAL.csproj", "{A370655F-CDA7-4B37-979D-5F62B295B22B}"
EndProject
Project("{FAE04EC0-301F-11D3-BF4B-00C04F79EFBC}") = "Repostreis", "..\Repostreis\Repostreis.csproj", "{B82D9A45-7A50-441A-96E5-88956A7E9D05}"
EndProject
Global
	GlobalSection(SolutionConfigurationPlatforms) = preSolution
		Debug|Any CPU = Debug|Any CPU
		Release|Any CPU = Release|Any CPU
	EndGlobalSection
	GlobalSection(ProjectConfigurationPlatforms) = postSolution
		{FB733AE9-16CA-48D9-A9A8-B48FDA0202FB}.Debug|Any CPU.ActiveCfg = Debug|Any CPU
		{FB733AE9-16CA-48D9-A9A8-B48FDA0202FB}.Debug|Any CPU.Build.0 = Debug|Any CPU
		{FB733AE9-16CA-48D9-A9A8-B48FDA0202FB}.Release|Any CPU.ActiveCfg = Release|Any CPU
		{FB733AE9-16CA-48D9-A9A8-B48FDA0202FB}.Release|Any CPU.Build.0 = Release|Any CPU
		{A370655F-CDA7-4B37-979D-5F62B295B22B}.Debug|Any CPU.ActiveCfg = Debug|Any CPU
		{A370655F-CDA7-4B37-979D-5F62B295B22B}.Debug|Any CPU.Build.0 = Debug|Any CPU
		{A370655F-CDA7-4B37-979D-5F62B295B22B}.Release|Any CPU.ActiveCfg = Release|Any CPU
		{A370655F-CDA7-4B37-979D-5F62B295B22B}.Release|Any CPU.Build.0 = Release|Any CPU
		{B82D9A45-7A50-441A-96E5-88956A7E9D05}.Debug|Any CPU.ActiveCfg = Debug|Any CPU
		{B82D9A45-7A50-441A-96E5-88956A7E9D05}.Debug|Any CPU.Build.0 = Debug|Any CPU
		{B82D9A45-7A50-441A-96E5-88956A7E9D05}.Release|Any CPU.ActiveCfg = Release|Any CPU
		{B82D9A45-7A50-441A-96E5-88956A7E9D05}.Release|Any CPU.Build.0 = Release|Any CPU
	EndGlobalSection
	GlobalSection(SolutionProperties) = preSolution
		HideSolutionNode = FALSE
	EndGlobalSection
	GlobalSection(ExtensibilityGlobals) = postSolution
		SolutionGuid = {FDB17989-E97F-4922-BF52-3F7732E61E2F}
	EndGlobalSection
EndGlobal
